
Microsoft Visual Studio Solution File, Format Version 12.00
# Visual Studio Version 17
VisualStudioVersion = 17.12.35527.113
MinimumVisualStudioVersion = 10.0.40219.1
Project("{FAE04EC0-301F-11D3-BF4B-00C04F79EFBC}") = "DataAccessLayer", "DataAccessLayer\DataAccessLayer.csproj", "{FE117F60-390E-4F73-8258-8D7614A90913}"
EndProject
Project("{FAE04EC0-301F-11D3-BF4B-00C04F79EFBC}") = "BusinessLogicLayer", "BusinessLogicLayer\BusinessLogicLayer.csproj", "{38BBA8BF-E80D-4AE3-B563-58928AEBC46A}"
EndProject
Project("{FAE04EC0-301F-11D3-BF4B-00C04F79EFBC}") = "PregnaCare_WpfApp", "PregnaCare_WpfApp\PregnaCare_WpfApp.csproj", "{6630C83E-B8C9-41BC-8BE9-A8B1DFF8731E}"
EndProject
Global
	GlobalSection(SolutionConfigurationPlatforms) = preSolution
		Debug|Any CPU = Debug|Any CPU
		Release|Any CPU = Release|Any CPU
	EndGlobalSection
	GlobalSection(ProjectConfigurationPlatforms) = postSolution
		{FE117F60-390E-4F73-8258-8D7614A90913}.Debug|Any CPU.ActiveCfg = Debug|Any CPU
		{FE117F60-390E-4F73-8258-8D7614A90913}.Debug|Any CPU.Build.0 = Debug|Any CPU
		{FE117F60-390E-4F73-8258-8D7614A90913}.Release|Any CPU.ActiveCfg = Release|Any CPU
		{FE117F60-390E-4F73-8258-8D7614A90913}.Release|Any CPU.Build.0 = Release|Any CPU
		{38BBA8BF-E80D-4AE3-B563-58928AEBC46A}.Debug|Any CPU.ActiveCfg = Debug|Any CPU
		{38BBA8BF-E80D-4AE3-B563-58928AEBC46A}.Debug|Any CPU.Build.0 = Debug|Any CPU
		{38BBA8BF-E80D-4AE3-B563-58928AEBC46A}.Release|Any CPU.ActiveCfg = Release|Any CPU
		{38BBA8BF-E80D-4AE3-B563-58928AEBC46A}.Release|Any CPU.Build.0 = Release|Any CPU
		{6630C83E-B8C9-41BC-8BE9-A8B1DFF8731E}.Debug|Any CPU.ActiveCfg = Debug|Any CPU
		{6630C83E-B8C9-41BC-8BE9-A8B1DFF8731E}.Debug|Any CPU.Build.0 = Debug|Any CPU
		{6630C83E-B8C9-41BC-8BE9-A8B1DFF8731E}.Release|Any CPU.ActiveCfg = Release|Any CPU
		{6630C83E-B8C9-41BC-8BE9-A8B1DFF8731E}.Release|Any CPU.Build.0 = Release|Any CPU
	EndGlobalSection
	GlobalSection(SolutionProperties) = preSolution
		HideSolutionNode = FALSE
	EndGlobalSection
EndGlobal
